
Microsoft Visual Studio Solution File, Format Version 12.00
# Visual Studio Version 17
VisualStudioVersion = 17.11.35303.130
MinimumVisualStudioVersion = 10.0.40219.1
Project("{FAE04EC0-301F-11D3-BF4B-00C04F79EFBC}") = "c-oop-project-1-pos", "c-oop-project-1-pos.csproj", "{64447DD2-0AC3-482D-838D-93C926DF5A32}"
EndProject
Global
	GlobalSection(SolutionConfigurationPlatforms) = preSolution
		Debug|Any CPU = Debug|Any CPU
		Release|Any CPU = Release|Any CPU
	EndGlobalSection
	GlobalSection(ProjectConfigurationPlatforms) = postSolution
		{64447DD2-0AC3-482D-838D-93C926DF5A32}.Debug|Any CPU.ActiveCfg = Debug|Any CPU
		{64447DD2-0AC3-482D-838D-93C926DF5A32}.Debug|Any CPU.Build.0 = Debug|Any CPU
		{64447DD2-0AC3-482D-838D-93C926DF5A32}.Release|Any CPU.ActiveCfg = Release|Any CPU
		{64447DD2-0AC3-482D-838D-93C926DF5A32}.Release|Any CPU.Build.0 = Release|Any CPU
	EndGlobalSection
	GlobalSection(SolutionProperties) = preSolution
		HideSolutionNode = FALSE
	EndGlobalSection
	GlobalSection(ExtensibilityGlobals) = postSolution
		SolutionGuid = {19761F40-90E1-4D19-BDF5-D6A9E48FC110}
	EndGlobalSection
EndGlobal
